
Microsoft Visual Studio Solution File, Format Version 12.00
# Visual Studio 15
VisualStudioVersion = 15.0.27428.2015
MinimumVisualStudioVersion = 10.0.40219.1
Project("{FAE04EC0-301F-11D3-BF4B-00C04F79EFBC}") = "MovieUnpacker.Net", "MovieUnpacker.Net\MovieUnpacker.Net.csproj", "{27BCDD52-FB23-4D13-892F-200B9B6C61AD}"
EndProject
Global
	GlobalSection(SolutionConfigurationPlatforms) = preSolution
		Debug|Any CPU = Debug|Any CPU
		Release|Any CPU = Release|Any CPU
	EndGlobalSection
	GlobalSection(ProjectConfigurationPlatforms) = postSolution
		{27BCDD52-FB23-4D13-892F-200B9B6C61AD}.Debug|Any CPU.ActiveCfg = Debug|Any CPU
		{27BCDD52-FB23-4D13-892F-200B9B6C61AD}.Debug|Any CPU.Build.0 = Debug|Any CPU
		{27BCDD52-FB23-4D13-892F-200B9B6C61AD}.Release|Any CPU.ActiveCfg = Release|Any CPU
		{27BCDD52-FB23-4D13-892F-200B9B6C61AD}.Release|Any CPU.Build.0 = Release|Any CPU
	EndGlobalSection
	GlobalSection(SolutionProperties) = preSolution
		HideSolutionNode = FALSE
	EndGlobalSection
	GlobalSection(ExtensibilityGlobals) = postSolution
		SolutionGuid = {89105B18-B502-44D6-940B-B6FE80A0AB06}
	EndGlobalSection
EndGlobal
